
Microsoft Visual Studio Solution File, Format Version 12.00
# Visual Studio Version 17
VisualStudioVersion = 17.2.32519.379
MinimumVisualStudioVersion = 10.0.40219.1
Project("{FAE04EC0-301F-11D3-BF4B-00C04F79EFBC}") = "LotterySim", "LotterySim\LotterySim.csproj", "{226D6989-C3D6-4F52-842D-6D1B38A2F38B}"
EndProject
Global
	GlobalSection(SolutionConfigurationPlatforms) = preSolution
		Debug|Any CPU = Debug|Any CPU
		Release|Any CPU = Release|Any CPU
	EndGlobalSection
	GlobalSection(ProjectConfigurationPlatforms) = postSolution
		{226D6989-C3D6-4F52-842D-6D1B38A2F38B}.Debug|Any CPU.ActiveCfg = Debug|Any CPU
		{226D6989-C3D6-4F52-842D-6D1B38A2F38B}.Debug|Any CPU.Build.0 = Debug|Any CPU
		{226D6989-C3D6-4F52-842D-6D1B38A2F38B}.Release|Any CPU.ActiveCfg = Release|Any CPU
		{226D6989-C3D6-4F52-842D-6D1B38A2F38B}.Release|Any CPU.Build.0 = Release|Any CPU
	EndGlobalSection
	GlobalSection(SolutionProperties) = preSolution
		HideSolutionNode = FALSE
	EndGlobalSection
	GlobalSection(ExtensibilityGlobals) = postSolution
		SolutionGuid = {0E558539-0A9E-4C7F-ACB5-AFDDB9BF3CF8}
	EndGlobalSection
EndGlobal
